
Microsoft Visual Studio Solution File, Format Version 12.00
# Visual Studio Version 16
VisualStudioVersion = 16.0.31005.135
MinimumVisualStudioVersion = 10.0.40219.1
Project("{FAE04EC0-301F-11D3-BF4B-00C04F79EFBC}") = "Fullscreenifier", "Fullscreenifier.csproj", "{6D3F2756-7F64-4D41-8E26-730B75BEE457}"
EndProject
Global
	GlobalSection(SolutionConfigurationPlatforms) = preSolution
		Debug|Any CPU = Debug|Any CPU
		Release|Any CPU = Release|Any CPU
	EndGlobalSection
	GlobalSection(ProjectConfigurationPlatforms) = postSolution
		{6D3F2756-7F64-4D41-8E26-730B75BEE457}.Debug|Any CPU.ActiveCfg = Debug|Any CPU
		{6D3F2756-7F64-4D41-8E26-730B75BEE457}.Debug|Any CPU.Build.0 = Debug|Any CPU
		{6D3F2756-7F64-4D41-8E26-730B75BEE457}.Release|Any CPU.ActiveCfg = Release|Any CPU
		{6D3F2756-7F64-4D41-8E26-730B75BEE457}.Release|Any CPU.Build.0 = Release|Any CPU
	EndGlobalSection
	GlobalSection(SolutionProperties) = preSolution
		HideSolutionNode = FALSE
	EndGlobalSection
	GlobalSection(ExtensibilityGlobals) = postSolution
		SolutionGuid = {67F3DA95-FE8F-49A0-A962-CEA865C3E5C3}
	EndGlobalSection
EndGlobal
